{
  "lockfile_version": "1",
  "packages": {
    "black@latest": {
      "last_modified": "2025-03-23T05:31:05Z",
      "resolved": "github:NixOS/nixpkgs/dd613136ee91f67e5dba3f3f41ac99ae89c5406b#black",
      "source": "devbox-search",
      "version": "25.1.0",
      "systems": {
        "aarch64-darwin": {
          "outputs": [
            {
              "name": "out",
              "path": "/nix/store/fl3mdsf69226i25fdbsic1gv64dva1x1-python3.12-black-25.1.0",
              "default": true
            },
            {
              "name": "dist",
              "path": "/nix/store/z1slx4gmn4kg8kxs8smdkr17mndf0lfw-python3.12-black-25.1.0-dist"
            }
          ],
          "store_path": "/nix/store/fl3mdsf69226i25fdbsic1gv64dva1x1-python3.12-black-25.1.0"
        },
        "aarch64-linux": {
          "outputs": [
            {
              "name": "out",
              "path": "/nix/store/36c03081gb3a85f17h9143scqh64dwvr-python3.12-black-25.1.0",
              "default": true
            },
            {
              "name": "dist",
              "path": "/nix/store/c9mzxpplbmkrwy03r73dfaq6pi8v7yn6-python3.12-black-25.1.0-dist"
            }
          ],
          "store_path": "/nix/store/36c03081gb3a85f17h9143scqh64dwvr-python3.12-black-25.1.0"
        },
        "x86_64-darwin": {
          "outputs": [
            {
              "name": "out",
              "path": "/nix/store/s9vkp3nj3xy4ckfzdn0k11zkdrg8cga8-python3.12-black-25.1.0",
              "default": true
            },
            {
              "name": "dist",
              "path": "/nix/store/gywn703d0w8whdvx047hq3ikrysjm5zx-python3.12-black-25.1.0-dist"
            }
          ],
          "store_path": "/nix/store/s9vkp3nj3xy4ckfzdn0k11zkdrg8cga8-python3.12-black-25.1.0"
        },
        "x86_64-linux": {
          "outputs": [
            {
              "name": "out",
              "path": "/nix/store/zndwzs4ccfqljwaa5x96vym8isp0y71n-python3.12-black-25.1.0",
              "default": true
            },
            {
              "name": "dist",
              "path": "/nix/store/xy8vqzsvcjr2mjgy2kn59fg3cxcif2w7-python3.12-black-25.1.0-dist"
            }
          ],
          "store_path": "/nix/store/zndwzs4ccfqljwaa5x96vym8isp0y71n-python3.12-black-25.1.0"
        }
      }
    },
    "cowsay@latest": {
      "last_modified": "2025-03-11T17:52:14Z",
      "resolved": "github:NixOS/nixpkgs/0d534853a55b5d02a4ababa1d71921ce8f0aee4c#cowsay",
      "source": "devbox-search",
      "version": "3.8.4",
      "systems": {
        "aarch64-darwin": {
          "outputs": [
            {
              "name": "out",
              "path": "/nix/store/agz8i2kldaj5syxfs3ynp28jbkkyr1s3-cowsay-3.8.4",
              "default": true
            },
            {
              "name": "man",
              "path": "/nix/store/nx0liw5lfqgwx04z6a2hpx4iyzz0bdjr-cowsay-3.8.4-man",
              "default": true
            }
          ],
          "store_path": "/nix/store/agz8i2kldaj5syxfs3ynp28jbkkyr1s3-cowsay-3.8.4"
        },
        "aarch64-linux": {
          "outputs": [
            {
              "name": "out",
              "path": "/nix/store/181n481wlgydcyc2x77dr1fbhd3kj244-cowsay-3.8.4",
              "default": true
            },
            {
              "name": "man",
              "path": "/nix/store/wzqg9cr08gfhyrsbl8zrkir5qp1wszi8-cowsay-3.8.4-man",
              "default": true
            }
          ],
          "store_path": "/nix/store/181n481wlgydcyc2x77dr1fbhd3kj244-cowsay-3.8.4"
        },
        "x86_64-darwin": {
          "outputs": [
            {
              "name": "out",
              "path": "/nix/store/6782jims7brkhmz034fakxbnvfpdkxah-cowsay-3.8.4",
              "default": true
            },
            {
              "name": "man",
              "path": "/nix/store/mk7xnxba4lgjy545vsyakmxk3ix3i53z-cowsay-3.8.4-man",
              "default": true
            }
          ],
          "store_path": "/nix/store/6782jims7brkhmz034fakxbnvfpdkxah-cowsay-3.8.4"
        },
        "x86_64-linux": {
          "outputs": [
            {
              "name": "out",
              "path": "/nix/store/67j19g3cnmghx122wxqmjbn1cb8dz0ax-cowsay-3.8.4",
              "default": true
            },
            {
              "name": "man",
              "path": "/nix/store/9z7ai6yyj8vrcwqi78gx8x0yfmb9w6d9-cowsay-3.8.4-man",
              "default": true
            }
          ],
          "store_path": "/nix/store/67j19g3cnmghx122wxqmjbn1cb8dz0ax-cowsay-3.8.4"
        }
      }
    },
    "git@latest": {
      "last_modified": "2025-03-11T17:52:14Z",
      "resolved": "github:NixOS/nixpkgs/0d534853a55b5d02a4ababa1d71921ce8f0aee4c#git",
      "source": "devbox-search",
      "version": "2.48.1",
      "systems": {
        "aarch64-darwin": {
          "outputs": [
            {
              "name": "out",
              "path": "/nix/store/b3sci30zzzlj3rzj1y89cijnd6zcwapk-git-2.48.1",
              "default": true
            },
            {
              "name": "doc",
              "path": "/nix/store/086knqdw7fjgzczp0i6nad95s2v6jbya-git-2.48.1-doc"
            }
          ],
          "store_path": "/nix/store/b3sci30zzzlj3rzj1y89cijnd6zcwapk-git-2.48.1"
        },
        "aarch64-linux": {
          "outputs": [
            {
              "name": "out",
              "path": "/nix/store/pck1dr5jxrd5b8nmfasbn13z422jhcfm-git-2.48.1",
              "default": true
            },
            {
              "name": "debug",
              "path": "/nix/store/xqqsvzlilh843rm6knykyng81apapr33-git-2.48.1-debug"
            },
            {
              "name": "doc",
              "path": "/nix/store/485b32ys0s2dvjfisn7405ildmpqvfzk-git-2.48.1-doc"
            }
          ],
          "store_path": "/nix/store/pck1dr5jxrd5b8nmfasbn13z422jhcfm-git-2.48.1"
        },
        "x86_64-darwin": {
          "outputs": [
            {
              "name": "out",
              "path": "/nix/store/9qjzgsf9mvdp6sfd7xyzhgrahl2qhhp6-git-2.48.1",
              "default": true
            },
            {
              "name": "doc",
              "path": "/nix/store/cgv7qa0ix059ma9a0qac0bywfvl3k7k2-git-2.48.1-doc"
            }
          ],
          "store_path": "/nix/store/9qjzgsf9mvdp6sfd7xyzhgrahl2qhhp6-git-2.48.1"
        },
        "x86_64-linux": {
          "outputs": [
            {
              "name": "out",
              "path": "/nix/store/lqx2rv26sdndpa2vyy2vxsahj03km69z-git-2.48.1",
              "default": true
            },
            {
              "name": "doc",
              "path": "/nix/store/hjczhs1dm3hzij7mx5c91rkzqvkb89av-git-2.48.1-doc"
            },
            {
              "name": "debug",
              "path": "/nix/store/bk8xndavdnc2qgyvc6hcc8h29lk9jzqb-git-2.48.1-debug"
            }
          ],
          "store_path": "/nix/store/lqx2rv26sdndpa2vyy2vxsahj03km69z-git-2.48.1"
        }
      }
    },
    "github:NixOS/nixpkgs/nixpkgs-unstable": {
      "resolved": "github:NixOS/nixpkgs/b2b0718004cc9a5bca610326de0a82e6ea75920b?lastModified=1744096231&narHash=sha256-kUfx3FKU1Etnua3EaKvpeuXs7zoFiAcli1gBwkPvGSs%3D"
    },
    "go-task@latest": {
      "last_modified": "2025-03-11T17:52:14Z",
      "resolved": "github:NixOS/nixpkgs/0d534853a55b5d02a4ababa1d71921ce8f0aee4c#go-task",
      "source": "devbox-search",
      "version": "3.41.0",
      "systems": {
        "aarch64-darwin": {
          "outputs": [
            {
              "name": "out",
              "path": "/nix/store/kgfbhsp4ixr3kl5m2vhciw8v13czfml6-go-task-3.41.0",
              "default": true
            }
          ],
          "store_path": "/nix/store/kgfbhsp4ixr3kl5m2vhciw8v13czfml6-go-task-3.41.0"
        },
        "aarch64-linux": {
          "outputs": [
            {
              "name": "out",
              "path": "/nix/store/sr9j2rbzia0hq62k5gkwhk0bcmb14ywh-go-task-3.41.0",
              "default": true
            }
          ],
          "store_path": "/nix/store/sr9j2rbzia0hq62k5gkwhk0bcmb14ywh-go-task-3.41.0"
        },
        "x86_64-darwin": {
          "outputs": [
            {
              "name": "out",
              "path": "/nix/store/zgj5m7kkmkml6yg3v4xy0m7ln95z03s3-go-task-3.41.0",
              "default": true
            }
          ],
          "store_path": "/nix/store/zgj5m7kkmkml6yg3v4xy0m7ln95z03s3-go-task-3.41.0"
        },
        "x86_64-linux": {
          "outputs": [
            {
              "name": "out",
              "path": "/nix/store/5q8536rllwzmf8gf6h0jw678pxy7ndbx-go-task-3.41.0",
              "default": true
            }
          ],
          "store_path": "/nix/store/5q8536rllwzmf8gf6h0jw678pxy7ndbx-go-task-3.41.0"
        }
      }
    },
    "nbstripout@latest": {
      "last_modified": "2025-03-19T06:05:51Z",
      "resolved": "github:NixOS/nixpkgs/44e422ba8ed1bdec9620b0733601669972f91170#nbstripout",
      "source": "devbox-search",
      "version": "0.8.1",
      "systems": {
        "aarch64-darwin": {
          "outputs": [
            {
              "name": "out",
              "path": "/nix/store/xmhc44naxpmd9mg72hciw155fw1cj7g7-nbstripout-0.8.1",
              "default": true
            },
            {
              "name": "dist",
              "path": "/nix/store/mbqsflfg988lqbxwhskngbqzm94rwmbz-nbstripout-0.8.1-dist"
            }
          ],
          "store_path": "/nix/store/xmhc44naxpmd9mg72hciw155fw1cj7g7-nbstripout-0.8.1"
        },
        "aarch64-linux": {
          "outputs": [
            {
              "name": "out",
              "path": "/nix/store/l3yr9halv36fqfkz7ds4sbm8zvkrk2vf-nbstripout-0.8.1",
              "default": true
            },
            {
              "name": "dist",
              "path": "/nix/store/6g93and7a80bx99q0152wrii82amw7sq-nbstripout-0.8.1-dist"
            }
          ],
          "store_path": "/nix/store/l3yr9halv36fqfkz7ds4sbm8zvkrk2vf-nbstripout-0.8.1"
        },
        "x86_64-darwin": {
          "outputs": [
            {
              "name": "out",
              "path": "/nix/store/7diqnanr7nykmcgv2qgnv5w7gibw70gy-nbstripout-0.8.1",
              "default": true
            },
            {
              "name": "dist",
              "path": "/nix/store/3wxzkslqca3l45kxj5s8g50js8ippgg6-nbstripout-0.8.1-dist"
            }
          ],
          "store_path": "/nix/store/7diqnanr7nykmcgv2qgnv5w7gibw70gy-nbstripout-0.8.1"
        },
        "x86_64-linux": {
          "outputs": [
            {
              "name": "out",
              "path": "/nix/store/nmmyhwf2zqg716b6zqkh1220qzz3p2xw-nbstripout-0.8.1",
              "default": true
            },
            {
              "name": "dist",
              "path": "/nix/store/mnadmib27szbp5r2riwniax4vymggyyd-nbstripout-0.8.1-dist"
            }
          ],
          "store_path": "/nix/store/nmmyhwf2zqg716b6zqkh1220qzz3p2xw-nbstripout-0.8.1"
        }
      }
    },
    "pre-commit@latest": {
      "last_modified": "2025-03-23T14:04:58Z",
      "resolved": "github:NixOS/nixpkgs/f3a2a0601e9669a6e38af25b46ce6c4563bcb6da#pre-commit",
      "source": "devbox-search",
      "version": "4.0.1",
      "systems": {
        "aarch64-darwin": {
          "outputs": [
            {
              "name": "out",
              "path": "/nix/store/pzpq71v0n2bz0kbq564f1rpbkvxpm806-pre-commit-4.0.1",
              "default": true
            },
            {
              "name": "dist",
              "path": "/nix/store/apb3rhddwh7dsrcck3z4gjrp1wvbnj15-pre-commit-4.0.1-dist"
            }
          ],
          "store_path": "/nix/store/pzpq71v0n2bz0kbq564f1rpbkvxpm806-pre-commit-4.0.1"
        },
        "aarch64-linux": {
          "outputs": [
            {
              "name": "out",
              "path": "/nix/store/4v96c7s6q8hf2qb6xvswxsi889p2685f-pre-commit-4.0.1",
              "default": true
            },
            {
              "name": "dist",
              "path": "/nix/store/0wgwippsj2rmf14g2x4kiliar10gsmvw-pre-commit-4.0.1-dist"
            }
          ],
          "store_path": "/nix/store/4v96c7s6q8hf2qb6xvswxsi889p2685f-pre-commit-4.0.1"
        },
        "x86_64-darwin": {
          "outputs": [
            {
              "name": "out",
              "path": "/nix/store/a2k5j6cqljj3mc3l0g78kjz4shzf5qfd-pre-commit-4.0.1",
              "default": true
            },
            {
              "name": "dist",
              "path": "/nix/store/fxcbjldzbkhfywgnas64yiidgllnsd1f-pre-commit-4.0.1-dist"
            }
          ],
          "store_path": "/nix/store/a2k5j6cqljj3mc3l0g78kjz4shzf5qfd-pre-commit-4.0.1"
        },
        "x86_64-linux": {
          "outputs": [
            {
              "name": "out",
              "path": "/nix/store/kb01yi27frzjk7hhxmlihihmzk1q3vgx-pre-commit-4.0.1",
              "default": true
            },
            {
              "name": "dist",
              "path": "/nix/store/wz5an2d6397zfq6mqgi964r5k4b602dv-pre-commit-4.0.1-dist"
            }
          ],
          "store_path": "/nix/store/kb01yi27frzjk7hhxmlihihmzk1q3vgx-pre-commit-4.0.1"
        }
      }
    },
    "python@3.13": {
      "last_modified": "2025-03-11T17:52:14Z",
      "plugin_version": "0.0.4",
      "resolved": "github:NixOS/nixpkgs/0d534853a55b5d02a4ababa1d71921ce8f0aee4c#python313",
      "source": "devbox-search",
      "version": "3.13.2",
      "systems": {
        "aarch64-darwin": {
          "outputs": [
            {
              "name": "out",
              "path": "/nix/store/c8k24sfwckindjhdxak6z3dhn8w4anx2-python3-3.13.2",
              "default": true
            }
          ],
          "store_path": "/nix/store/c8k24sfwckindjhdxak6z3dhn8w4anx2-python3-3.13.2"
        },
        "aarch64-linux": {
          "outputs": [
            {
              "name": "out",
              "path": "/nix/store/jsqky488530ax8hdaz5ckldxq9y6qr3k-python3-3.13.2",
              "default": true
            },
            {
              "name": "debug",
              "path": "/nix/store/fwwjmw2yddxxm6aj51r16v0ffp77zvk1-python3-3.13.2-debug"
            }
          ],
          "store_path": "/nix/store/jsqky488530ax8hdaz5ckldxq9y6qr3k-python3-3.13.2"
        },
        "x86_64-darwin": {
          "outputs": [
            {
              "name": "out",
              "path": "/nix/store/wjxlppca1s14xzw5iz608qpywyl5mcdw-python3-3.13.2",
              "default": true
            }
          ],
          "store_path": "/nix/store/wjxlppca1s14xzw5iz608qpywyl5mcdw-python3-3.13.2"
        },
        "x86_64-linux": {
          "outputs": [
            {
              "name": "out",
              "path": "/nix/store/njpnqszjaj6k38cp4466ygn74n392xy1-python3-3.13.2",
              "default": true
            },
            {
              "name": "debug",
              "path": "/nix/store/ixcc4jnj3byz0hg943wadfy1phxkmmgg-python3-3.13.2-debug"
            }
          ],
          "store_path": "/nix/store/njpnqszjaj6k38cp4466ygn74n392xy1-python3-3.13.2"
        }
      }
    },
    "sqlfluff@latest": {
      "last_modified": "2025-03-20T07:39:01Z",
      "resolved": "github:NixOS/nixpkgs/7344a3b78128f7b1765dba89060b015fb75431a7#sqlfluff",
      "source": "devbox-search",
      "version": "3.3.1",
      "systems": {
        "aarch64-darwin": {
          "outputs": [
            {
              "name": "out",
              "path": "/nix/store/rdznh4d1a86jm814x6iwla4hhbdx8ccr-sqlfluff-3.3.1",
              "default": true
            },
            {
              "name": "dist",
              "path": "/nix/store/7b41i57w0sfwbv9dr81j9g76gws8ws8k-sqlfluff-3.3.1-dist"
            }
          ],
          "store_path": "/nix/store/rdznh4d1a86jm814x6iwla4hhbdx8ccr-sqlfluff-3.3.1"
        },
        "aarch64-linux": {
          "outputs": [
            {
              "name": "out",
              "path": "/nix/store/icr770pqsndgjyrqg268s9wskzqrr6kw-sqlfluff-3.3.1",
              "default": true
            },
            {
              "name": "dist",
              "path": "/nix/store/1ar9n3a5d62kdz19w0wxr7hzb0rzixhk-sqlfluff-3.3.1-dist"
            }
          ],
          "store_path": "/nix/store/icr770pqsndgjyrqg268s9wskzqrr6kw-sqlfluff-3.3.1"
        },
        "x86_64-darwin": {
          "outputs": [
            {
              "name": "out",
              "path": "/nix/store/c68iir8k3zcdprg1fqsn3knygmknz6z6-sqlfluff-3.3.1",
              "default": true
            },
            {
              "name": "dist",
              "path": "/nix/store/hf50m5zy67mzky7xcwqirhcp2vvamk22-sqlfluff-3.3.1-dist"
            }
          ],
          "store_path": "/nix/store/c68iir8k3zcdprg1fqsn3knygmknz6z6-sqlfluff-3.3.1"
        },
        "x86_64-linux": {
          "outputs": [
            {
              "name": "out",
              "path": "/nix/store/j4rw4afjdjddpmzfw6yfcalrnldhl8br-sqlfluff-3.3.1",
              "default": true
            },
            {
              "name": "dist",
              "path": "/nix/store/iqkxba1nfrqy5562jlzd5jbag5svpm25-sqlfluff-3.3.1-dist"
            }
          ],
          "store_path": "/nix/store/j4rw4afjdjddpmzfw6yfcalrnldhl8br-sqlfluff-3.3.1"
        }
      }
    },
    "uv@0.6.10": {
      "last_modified": "2025-03-26T18:47:43Z",
      "resolved": "github:NixOS/nixpkgs/bd3bac8bfb542dbde7ffffb6987a1a1f9d41699f#uv",
      "source": "devbox-search",
      "version": "0.6.10",
      "systems": {
        "aarch64-darwin": {
          "outputs": [
            {
              "name": "out",
              "path": "/nix/store/mxbd5dskidm87s7pkifn4j999xvgw1l4-uv-0.6.10",
              "default": true
            }
          ],
          "store_path": "/nix/store/mxbd5dskidm87s7pkifn4j999xvgw1l4-uv-0.6.10"
        },
        "aarch64-linux": {
          "outputs": [
            {
              "name": "out",
              "path": "/nix/store/92zlw4nxh07nfbk0pj0ig37bc2j1n72z-uv-0.6.10",
              "default": true
            }
          ],
          "store_path": "/nix/store/92zlw4nxh07nfbk0pj0ig37bc2j1n72z-uv-0.6.10"
        },
        "x86_64-darwin": {
          "outputs": [
            {
              "name": "out",
              "path": "/nix/store/jrv7awaxyr77ksx6fjm7nqrqxx54svg3-uv-0.6.10",
              "default": true
            }
          ],
          "store_path": "/nix/store/jrv7awaxyr77ksx6fjm7nqrqxx54svg3-uv-0.6.10"
        },
        "x86_64-linux": {
          "outputs": [
            {
              "name": "out",
              "path": "/nix/store/jcg8fnn76jdvf3aygbkh350cs9hgr9jb-uv-0.6.10",
              "default": true
            }
          ],
          "store_path": "/nix/store/jcg8fnn76jdvf3aygbkh350cs9hgr9jb-uv-0.6.10"
        }
      }
    }
  }
}
